
Microsoft Visual Studio Solution File, Format Version 12.00
# Visual Studio Version 17
VisualStudioVersion = 17.0.31903.59
MinimumVisualStudioVersion = 10.0.40219.1
Project("{9A19103F-16F7-4668-BE54-9A1E7A4F7556}") = "P42.Serilog.QuickLog.Demo", "P42.Serilog.QuickLog.Demo\P42.Serilog.QuickLog.Demo.csproj", "{0CF42243-1C73-4F71-8DAE-F7B9FA9B5D88}"
EndProject
Project("{9A19103F-16F7-4668-BE54-9A1E7A4F7556}") = "P42.Serilog.QuickLog", "P42.Serilog.QuickLog\P42.Serilog.QuickLog.csproj", "{4533CAD4-F72B-4812-BCCE-986FBC5654BD}"
EndProject
Global
	GlobalSection(SolutionConfigurationPlatforms) = preSolution
		Debug|Any CPU = Debug|Any CPU
		Release|Any CPU = Release|Any CPU
	EndGlobalSection
	GlobalSection(ProjectConfigurationPlatforms) = postSolution
		{0CF42243-1C73-4F71-8DAE-F7B9FA9B5D88}.Debug|Any CPU.ActiveCfg = Debug|Any CPU
		{0CF42243-1C73-4F71-8DAE-F7B9FA9B5D88}.Debug|Any CPU.Build.0 = Debug|Any CPU
		{0CF42243-1C73-4F71-8DAE-F7B9FA9B5D88}.Release|Any CPU.ActiveCfg = Release|Any CPU
		{0CF42243-1C73-4F71-8DAE-F7B9FA9B5D88}.Release|Any CPU.Build.0 = Release|Any CPU
		{4533CAD4-F72B-4812-BCCE-986FBC5654BD}.Debug|Any CPU.ActiveCfg = Debug|Any CPU
		{4533CAD4-F72B-4812-BCCE-986FBC5654BD}.Debug|Any CPU.Build.0 = Debug|Any CPU
		{4533CAD4-F72B-4812-BCCE-986FBC5654BD}.Release|Any CPU.ActiveCfg = Release|Any CPU
		{4533CAD4-F72B-4812-BCCE-986FBC5654BD}.Release|Any CPU.Build.0 = Release|Any CPU
	EndGlobalSection
	GlobalSection(SolutionProperties) = preSolution
		HideSolutionNode = FALSE
	EndGlobalSection
	GlobalSection(ExtensibilityGlobals) = postSolution
		SolutionGuid = {621D4129-4FA1-48AB-83B5-B19801CAF167}
	EndGlobalSection
EndGlobal
